<Solution>
  <Folder Name="/src/">
    <Project Path="src/EnergyTrack.API/EnergyTrack.API.csproj" />
    <Project Path="src/EnergyTrack.Application/EnergyTrack.Application.csproj" />
    <Project Path="src/EnergyTrack.Domain/EnergyTrack.Domain.csproj" />
    <Project Path="src/EnergyTrack.Infrastructure/EnergyTrack.Infrastructure.csproj" />
  </Folder>
  <Folder Name="/tests/">
    <Project Path="tests/EnergyTrack.Tests/EnergyTrack.Tests.csproj" />
  </Folder>
</Solution>
